
Microsoft Visual Studio Solution File, Format Version 12.00
# Visual Studio Version 17
VisualStudioVersion = 17.2.32616.157
MinimumVisualStudioVersion = 10.0.40219.1
Project("{2150E333-8FDC-42A3-9474-1A3956D46DE8}") = "Presentation", "Presentation", "{F1431B4F-40CC-440A-8848-1B180E22EB72}"
EndProject
Project("{2150E333-8FDC-42A3-9474-1A3956D46DE8}") = "Core", "Core", "{56935EE2-65A3-4996-974A-B4D361375B5D}"
EndProject
Project("{2150E333-8FDC-42A3-9474-1A3956D46DE8}") = "Infrastructure", "Infrastructure", "{0B25818B-342F-4B71-BEB4-431E2559C62C}"
EndProject
Project("{2150E333-8FDC-42A3-9474-1A3956D46DE8}") = "Common", "Common", "{B8DA5188-3971-42EC-8D22-6894F15808D7}"
EndProject
Project("{9A19103F-16F7-4668-BE54-9A1E7A4F7556}") = "Domain", "Domain\Domain.csproj", "{4E8761C3-530F-4962-B7BE-35E33C34980B}"
EndProject
Project("{9A19103F-16F7-4668-BE54-9A1E7A4F7556}") = "Application", "Application\Application.csproj", "{A166E25C-EE10-454D-AC19-CC50D7993793}"
EndProject
Project("{9A19103F-16F7-4668-BE54-9A1E7A4F7556}") = "Infrastructure", "Infrastructure\Infrastructure.csproj", "{4F5B2DD8-FF25-4837-B20C-D3D361F5CB86}"
EndProject
Project("{9A19103F-16F7-4668-BE54-9A1E7A4F7556}") = "Persistence", "Persistence\Persistence.csproj", "{5EBCB613-49BF-4BED-834E-24098400D9D8}"
EndProject
Project("{9A19103F-16F7-4668-BE54-9A1E7A4F7556}") = "API", "API\API.csproj", "{888F4B84-E9A7-4D61-94AD-58D75E973795}"
EndProject
Project("{9A19103F-16F7-4668-BE54-9A1E7A4F7556}") = "DTO", "DTO\DTO.csproj", "{52C4DC26-E067-4AF1-8C67-96CDA03835AD}"
EndProject
Project("{9A19103F-16F7-4668-BE54-9A1E7A4F7556}") = "Middlewares", "Middlewares\Middlewares.csproj", "{E4DFBA8B-6843-4476-8BEA-54660DAA8D16}"
EndProject
Project("{9A19103F-16F7-4668-BE54-9A1E7A4F7556}") = "Helper", "Helper\Helper.csproj", "{55EF9850-EE81-445F-9A04-757DD5864095}"
EndProject
Project("{9A19103F-16F7-4668-BE54-9A1E7A4F7556}") = "BackgroundServices", "BackgroundServices\BackgroundServices.csproj", "{51533E79-3A1E-43F7-9C7B-66DBBF89004F}"
EndProject
Global
	GlobalSection(SolutionConfigurationPlatforms) = preSolution
		Debug|Any CPU = Debug|Any CPU
		Release|Any CPU = Release|Any CPU
	EndGlobalSection
	GlobalSection(ProjectConfigurationPlatforms) = postSolution
		{4E8761C3-530F-4962-B7BE-35E33C34980B}.Debug|Any CPU.ActiveCfg = Debug|Any CPU
		{4E8761C3-530F-4962-B7BE-35E33C34980B}.Debug|Any CPU.Build.0 = Debug|Any CPU
		{4E8761C3-530F-4962-B7BE-35E33C34980B}.Release|Any CPU.ActiveCfg = Release|Any CPU
		{4E8761C3-530F-4962-B7BE-35E33C34980B}.Release|Any CPU.Build.0 = Release|Any CPU
		{A166E25C-EE10-454D-AC19-CC50D7993793}.Debug|Any CPU.ActiveCfg = Debug|Any CPU
		{A166E25C-EE10-454D-AC19-CC50D7993793}.Debug|Any CPU.Build.0 = Debug|Any CPU
		{A166E25C-EE10-454D-AC19-CC50D7993793}.Release|Any CPU.ActiveCfg = Release|Any CPU
		{A166E25C-EE10-454D-AC19-CC50D7993793}.Release|Any CPU.Build.0 = Release|Any CPU
		{4F5B2DD8-FF25-4837-B20C-D3D361F5CB86}.Debug|Any CPU.ActiveCfg = Debug|Any CPU
		{4F5B2DD8-FF25-4837-B20C-D3D361F5CB86}.Debug|Any CPU.Build.0 = Debug|Any CPU
		{4F5B2DD8-FF25-4837-B20C-D3D361F5CB86}.Release|Any CPU.ActiveCfg = Release|Any CPU
		{4F5B2DD8-FF25-4837-B20C-D3D361F5CB86}.Release|Any CPU.Build.0 = Release|Any CPU
		{5EBCB613-49BF-4BED-834E-24098400D9D8}.Debug|Any CPU.ActiveCfg = Debug|Any CPU
		{5EBCB613-49BF-4BED-834E-24098400D9D8}.Debug|Any CPU.Build.0 = Debug|Any CPU
		{5EBCB613-49BF-4BED-834E-24098400D9D8}.Release|Any CPU.ActiveCfg = Release|Any CPU
		{5EBCB613-49BF-4BED-834E-24098400D9D8}.Release|Any CPU.Build.0 = Release|Any CPU
		{888F4B84-E9A7-4D61-94AD-58D75E973795}.Debug|Any CPU.ActiveCfg = Debug|Any CPU
		{888F4B84-E9A7-4D61-94AD-58D75E973795}.Debug|Any CPU.Build.0 = Debug|Any CPU
		{888F4B84-E9A7-4D61-94AD-58D75E973795}.Release|Any CPU.ActiveCfg = Release|Any CPU
		{888F4B84-E9A7-4D61-94AD-58D75E973795}.Release|Any CPU.Build.0 = Release|Any CPU
		{52C4DC26-E067-4AF1-8C67-96CDA03835AD}.Debug|Any CPU.ActiveCfg = Debug|Any CPU
		{52C4DC26-E067-4AF1-8C67-96CDA03835AD}.Debug|Any CPU.Build.0 = Debug|Any CPU
		{52C4DC26-E067-4AF1-8C67-96CDA03835AD}.Release|Any CPU.ActiveCfg = Release|Any CPU
		{52C4DC26-E067-4AF1-8C67-96CDA03835AD}.Release|Any CPU.Build.0 = Release|Any CPU
		{E4DFBA8B-6843-4476-8BEA-54660DAA8D16}.Debug|Any CPU.ActiveCfg = Debug|Any CPU
		{E4DFBA8B-6843-4476-8BEA-54660DAA8D16}.Debug|Any CPU.Build.0 = Debug|Any CPU
		{E4DFBA8B-6843-4476-8BEA-54660DAA8D16}.Release|Any CPU.ActiveCfg = Release|Any CPU
		{E4DFBA8B-6843-4476-8BEA-54660DAA8D16}.Release|Any CPU.Build.0 = Release|Any CPU
		{55EF9850-EE81-445F-9A04-757DD5864095}.Debug|Any CPU.ActiveCfg = Debug|Any CPU
		{55EF9850-EE81-445F-9A04-757DD5864095}.Debug|Any CPU.Build.0 = Debug|Any CPU
		{55EF9850-EE81-445F-9A04-757DD5864095}.Release|Any CPU.ActiveCfg = Release|Any CPU
		{55EF9850-EE81-445F-9A04-757DD5864095}.Release|Any CPU.Build.0 = Release|Any CPU
		{51533E79-3A1E-43F7-9C7B-66DBBF89004F}.Debug|Any CPU.ActiveCfg = Debug|Any CPU
		{51533E79-3A1E-43F7-9C7B-66DBBF89004F}.Debug|Any CPU.Build.0 = Debug|Any CPU
		{51533E79-3A1E-43F7-9C7B-66DBBF89004F}.Release|Any CPU.ActiveCfg = Release|Any CPU
		{51533E79-3A1E-43F7-9C7B-66DBBF89004F}.Release|Any CPU.Build.0 = Release|Any CPU
	EndGlobalSection
	GlobalSection(SolutionProperties) = preSolution
		HideSolutionNode = FALSE
	EndGlobalSection
	GlobalSection(NestedProjects) = preSolution
		{4E8761C3-530F-4962-B7BE-35E33C34980B} = {56935EE2-65A3-4996-974A-B4D361375B5D}
		{A166E25C-EE10-454D-AC19-CC50D7993793} = {56935EE2-65A3-4996-974A-B4D361375B5D}
		{4F5B2DD8-FF25-4837-B20C-D3D361F5CB86} = {0B25818B-342F-4B71-BEB4-431E2559C62C}
		{5EBCB613-49BF-4BED-834E-24098400D9D8} = {0B25818B-342F-4B71-BEB4-431E2559C62C}
		{888F4B84-E9A7-4D61-94AD-58D75E973795} = {F1431B4F-40CC-440A-8848-1B180E22EB72}
		{52C4DC26-E067-4AF1-8C67-96CDA03835AD} = {F1431B4F-40CC-440A-8848-1B180E22EB72}
		{E4DFBA8B-6843-4476-8BEA-54660DAA8D16} = {F1431B4F-40CC-440A-8848-1B180E22EB72}
		{55EF9850-EE81-445F-9A04-757DD5864095} = {B8DA5188-3971-42EC-8D22-6894F15808D7}
	EndGlobalSection
	GlobalSection(ExtensibilityGlobals) = postSolution
		SolutionGuid = {EBAB4F4B-2A81-4743-93FE-C5709A19ACAB}
	EndGlobalSection
EndGlobal
